
Microsoft Visual Studio Solution File, Format Version 12.00
# Visual Studio Version 17
VisualStudioVersion = 17.5.002.0
MinimumVisualStudioVersion = 10.0.40219.1
Project("{9A19103F-16F7-4668-BE54-9A1E7A4F7556}") = "Receive", "Receive.csproj", "{B42E54D7-AE03-45A5-ABBD-E28609489812}"
EndProject
Global
	GlobalSection(SolutionConfigurationPlatforms) = preSolution
		Debug|Any CPU = Debug|Any CPU
		Release|Any CPU = Release|Any CPU
	EndGlobalSection
	GlobalSection(ProjectConfigurationPlatforms) = postSolution
		{B42E54D7-AE03-45A5-ABBD-E28609489812}.Debug|Any CPU.ActiveCfg = Debug|Any CPU
		{B42E54D7-AE03-45A5-ABBD-E28609489812}.Debug|Any CPU.Build.0 = Debug|Any CPU
		{B42E54D7-AE03-45A5-ABBD-E28609489812}.Release|Any CPU.ActiveCfg = Release|Any CPU
		{B42E54D7-AE03-45A5-ABBD-E28609489812}.Release|Any CPU.Build.0 = Release|Any CPU
	EndGlobalSection
	GlobalSection(SolutionProperties) = preSolution
		HideSolutionNode = FALSE
	EndGlobalSection
	GlobalSection(ExtensibilityGlobals) = postSolution
		SolutionGuid = {C2C6B7EF-C309-427E-8A72-08C1F72F2111}
	EndGlobalSection
EndGlobal
